github.com/nxtcoder17/fastlog v0.0.0-20250420092910-1161a9a2fabe h1:go0LTmSvI3DXuEYzx0mW2upsZLBcX4Ct1/xvICqtFW0=
github.com/nxtcoder17/fastlog v0.0.0-20250420092910-1161a9a2fabe/go.mod h1:EWaIRNdsxHdqCv53XcNw9H9QMwhEV3LTWfsSQZCiiC4=
github.com/nxtcoder17/ivy v0.0.0-20250215095540-0d873830f49a h1:9fTpDE4EBndPqBXeJOTn8cdm8/fdwTNtETT0uXloG6c=
github.com/nxtcoder17/ivy v0.0.0-20250215095540-0d873830f49a/go.mod h1:JLP+9W8NkN2qxIiolJRTMDFFjFOcI2CMqAlC1Dqp2LI=
github.com/nxtcoder17/ivy v0.0.0-20250509140451-827d70f8f941 h1:vovy5ewRtAOAp+MtifZOQd8S+aqSQ+Bh4xQjJ9bcLFw=
github.com/nxtcoder17/ivy v0.0.0-20250509140451-827d70f8f941/go.mod h1:JLP+9W8NkN2qxIiolJRTMDFFjFOcI2CMqAlC1Dqp2LI=
